
Microsoft Visual Studio Solution File, Format Version 12.00
# Visual Studio 15
VisualStudioVersion = 15.0.28010.2041
MinimumVisualStudioVersion = 10.0.40219.1
Project("{FAE04EC0-301F-11D3-BF4B-00C04F79EFBC}") = "API", "API\API.csproj", "{600636A5-AFD5-4363-9C93-EB406EF32D97}"
EndProject
Global
	GlobalSection(SolutionConfigurationPlatforms) = preSolution
		Debug|Any CPU = Debug|Any CPU
		Release|Any CPU = Release|Any CPU
	EndGlobalSection
	GlobalSection(ProjectConfigurationPlatforms) = postSolution
		{600636A5-AFD5-4363-9C93-EB406EF32D97}.Debug|Any CPU.ActiveCfg = Debug|Any CPU
		{600636A5-AFD5-4363-9C93-EB406EF32D97}.Debug|Any CPU.Build.0 = Debug|Any CPU
		{600636A5-AFD5-4363-9C93-EB406EF32D97}.Release|Any CPU.ActiveCfg = Release|Any CPU
		{600636A5-AFD5-4363-9C93-EB406EF32D97}.Release|Any CPU.Build.0 = Release|Any CPU
	EndGlobalSection
	GlobalSection(SolutionProperties) = preSolution
		HideSolutionNode = FALSE
	EndGlobalSection
	GlobalSection(ExtensibilityGlobals) = postSolution
		SolutionGuid = {317BA026-55C0-4FC5-A48B-59A209C8D857}
	EndGlobalSection
EndGlobal
