
Microsoft Visual Studio Solution File, Format Version 12.00
# Visual Studio 15
VisualStudioVersion = 15.0.28010.2041
MinimumVisualStudioVersion = 10.0.40219.1
Project("{9A19103F-16F7-4668-BE54-9A1E7A4F7556}") = "API", "API\API.csproj", "{2324A6A7-C300-4A29-888C-CD901337CDB8}"
EndProject
Project("{9A19103F-16F7-4668-BE54-9A1E7A4F7556}") = "API.Services", "API.Services\API.Services.csproj", "{81DE0E0F-6EBF-44AE-9E2A-00C362AC4EA2}"
EndProject
Project("{9A19103F-16F7-4668-BE54-9A1E7A4F7556}") = "API.ViewModels", "API.ViewModels\API.ViewModels.csproj", "{79084F47-44D6-49F7-B53F-689E65BAD67E}"
EndProject
Project("{9A19103F-16F7-4668-BE54-9A1E7A4F7556}") = "Domain.Models", "Domain.Models\Domain.Models.csproj", "{627E0513-4C7A-41D6-ABD7-841B07F4B2F9}"
EndProject
Project("{9A19103F-16F7-4668-BE54-9A1E7A4F7556}") = "Domain.Repositories", "Domain.Repositories\Domain.Repositories.csproj", "{B1C2210A-F86E-4F46-868A-8FDDDB6244C8}"
EndProject
Project("{9A19103F-16F7-4668-BE54-9A1E7A4F7556}") = "Domain.Services", "Domain.Services\Domain.Services.csproj", "{8F9327FE-56E2-40A0-8766-887C52A7080B}"
EndProject
Project("{9A19103F-16F7-4668-BE54-9A1E7A4F7556}") = "Persistence.Repositories", "Persistence.Repositories\Persistence.Repositories.csproj", "{18558AE0-DE87-48E1-A668-98C5730AA05C}"
EndProject
Project("{9A19103F-16F7-4668-BE54-9A1E7A4F7556}") = "Domain.Models.Tests", "Domain.Models.Tests\Domain.Models.Tests.csproj", "{56205820-1066-40CA-B43B-D127C618F004}"
EndProject
Project("{9A19103F-16F7-4668-BE54-9A1E7A4F7556}") = "Domain.Services.Tests", "Domain.Services.Tests\Domain.Services.Tests.csproj", "{F3D1FB47-D344-41BD-8C5F-FDEBD21D270B}"
EndProject
Project("{9A19103F-16F7-4668-BE54-9A1E7A4F7556}") = "API.Services.Tests", "API.Services.Tests\API.Services.Tests.csproj", "{EE0E3C3B-BCB0-4946-91CC-7703F35A77A0}"
EndProject
Project("{FAE04EC0-301F-11D3-BF4B-00C04F79EFBC}") = "API.Tests", "API.Tests\API.Tests.csproj", "{2374AB24-0DC0-4DDB-9301-04C666F14804}"
EndProject
Global
	GlobalSection(SolutionConfigurationPlatforms) = preSolution
		Debug|Any CPU = Debug|Any CPU
		Release|Any CPU = Release|Any CPU
	EndGlobalSection
	GlobalSection(ProjectConfigurationPlatforms) = postSolution
		{2324A6A7-C300-4A29-888C-CD901337CDB8}.Debug|Any CPU.ActiveCfg = Debug|Any CPU
		{2324A6A7-C300-4A29-888C-CD901337CDB8}.Debug|Any CPU.Build.0 = Debug|Any CPU
		{2324A6A7-C300-4A29-888C-CD901337CDB8}.Release|Any CPU.ActiveCfg = Release|Any CPU
		{2324A6A7-C300-4A29-888C-CD901337CDB8}.Release|Any CPU.Build.0 = Release|Any CPU
		{81DE0E0F-6EBF-44AE-9E2A-00C362AC4EA2}.Debug|Any CPU.ActiveCfg = Debug|Any CPU
		{81DE0E0F-6EBF-44AE-9E2A-00C362AC4EA2}.Debug|Any CPU.Build.0 = Debug|Any CPU
		{81DE0E0F-6EBF-44AE-9E2A-00C362AC4EA2}.Release|Any CPU.ActiveCfg = Release|Any CPU
		{81DE0E0F-6EBF-44AE-9E2A-00C362AC4EA2}.Release|Any CPU.Build.0 = Release|Any CPU
		{79084F47-44D6-49F7-B53F-689E65BAD67E}.Debug|Any CPU.ActiveCfg = Debug|Any CPU
		{79084F47-44D6-49F7-B53F-689E65BAD67E}.Debug|Any CPU.Build.0 = Debug|Any CPU
		{79084F47-44D6-49F7-B53F-689E65BAD67E}.Release|Any CPU.ActiveCfg = Release|Any CPU
		{79084F47-44D6-49F7-B53F-689E65BAD67E}.Release|Any CPU.Build.0 = Release|Any CPU
		{627E0513-4C7A-41D6-ABD7-841B07F4B2F9}.Debug|Any CPU.ActiveCfg = Debug|Any CPU
		{627E0513-4C7A-41D6-ABD7-841B07F4B2F9}.Debug|Any CPU.Build.0 = Debug|Any CPU
		{627E0513-4C7A-41D6-ABD7-841B07F4B2F9}.Release|Any CPU.ActiveCfg = Release|Any CPU
		{627E0513-4C7A-41D6-ABD7-841B07F4B2F9}.Release|Any CPU.Build.0 = Release|Any CPU
		{B1C2210A-F86E-4F46-868A-8FDDDB6244C8}.Debug|Any CPU.ActiveCfg = Debug|Any CPU
		{B1C2210A-F86E-4F46-868A-8FDDDB6244C8}.Debug|Any CPU.Build.0 = Debug|Any CPU
		{B1C2210A-F86E-4F46-868A-8FDDDB6244C8}.Release|Any CPU.ActiveCfg = Release|Any CPU
		{B1C2210A-F86E-4F46-868A-8FDDDB6244C8}.Release|Any CPU.Build.0 = Release|Any CPU
		{8F9327FE-56E2-40A0-8766-887C52A7080B}.Debug|Any CPU.ActiveCfg = Debug|Any CPU
		{8F9327FE-56E2-40A0-8766-887C52A7080B}.Debug|Any CPU.Build.0 = Debug|Any CPU
		{8F9327FE-56E2-40A0-8766-887C52A7080B}.Release|Any CPU.ActiveCfg = Release|Any CPU
		{8F9327FE-56E2-40A0-8766-887C52A7080B}.Release|Any CPU.Build.0 = Release|Any CPU
		{18558AE0-DE87-48E1-A668-98C5730AA05C}.Debug|Any CPU.ActiveCfg = Debug|Any CPU
		{18558AE0-DE87-48E1-A668-98C5730AA05C}.Debug|Any CPU.Build.0 = Debug|Any CPU
		{18558AE0-DE87-48E1-A668-98C5730AA05C}.Release|Any CPU.ActiveCfg = Release|Any CPU
		{18558AE0-DE87-48E1-A668-98C5730AA05C}.Release|Any CPU.Build.0 = Release|Any CPU
		{56205820-1066-40CA-B43B-D127C618F004}.Debug|Any CPU.ActiveCfg = Debug|Any CPU
		{56205820-1066-40CA-B43B-D127C618F004}.Debug|Any CPU.Build.0 = Debug|Any CPU
		{56205820-1066-40CA-B43B-D127C618F004}.Release|Any CPU.ActiveCfg = Release|Any CPU
		{56205820-1066-40CA-B43B-D127C618F004}.Release|Any CPU.Build.0 = Release|Any CPU
		{F3D1FB47-D344-41BD-8C5F-FDEBD21D270B}.Debug|Any CPU.ActiveCfg = Debug|Any CPU
		{F3D1FB47-D344-41BD-8C5F-FDEBD21D270B}.Debug|Any CPU.Build.0 = Debug|Any CPU
		{F3D1FB47-D344-41BD-8C5F-FDEBD21D270B}.Release|Any CPU.ActiveCfg = Release|Any CPU
		{F3D1FB47-D344-41BD-8C5F-FDEBD21D270B}.Release|Any CPU.Build.0 = Release|Any CPU
		{EE0E3C3B-BCB0-4946-91CC-7703F35A77A0}.Debug|Any CPU.ActiveCfg = Debug|Any CPU
		{EE0E3C3B-BCB0-4946-91CC-7703F35A77A0}.Debug|Any CPU.Build.0 = Debug|Any CPU
		{EE0E3C3B-BCB0-4946-91CC-7703F35A77A0}.Release|Any CPU.ActiveCfg = Release|Any CPU
		{EE0E3C3B-BCB0-4946-91CC-7703F35A77A0}.Release|Any CPU.Build.0 = Release|Any CPU
		{2374AB24-0DC0-4DDB-9301-04C666F14804}.Debug|Any CPU.ActiveCfg = Debug|Any CPU
		{2374AB24-0DC0-4DDB-9301-04C666F14804}.Debug|Any CPU.Build.0 = Debug|Any CPU
		{2374AB24-0DC0-4DDB-9301-04C666F14804}.Release|Any CPU.ActiveCfg = Release|Any CPU
		{2374AB24-0DC0-4DDB-9301-04C666F14804}.Release|Any CPU.Build.0 = Release|Any CPU
	EndGlobalSection
	GlobalSection(SolutionProperties) = preSolution
		HideSolutionNode = FALSE
	EndGlobalSection
	GlobalSection(ExtensibilityGlobals) = postSolution
		SolutionGuid = {317BA026-55C0-4FC5-A48B-59A209C8D857}
	EndGlobalSection
EndGlobal
